// !$*UTF8*$!
{
	archiveVersion = 1;
	classes = {
	};
	objectVersion = 46;
	objects = {

/* Begin PBXBuildFile section */
		146DDDB11E8E3B8500354294 /* UITableViewViewController.swift in Sources */ = {isa = PBXBuildFile; fileRef = 146DDDB01E8E3B8500354294 /* UITableViewViewController.swift */; };
		147C00FF1DF67587001FF110 /* AppDelegate.swift in Sources */ = {isa = PBXBuildFile; fileRef = 147C00FE1DF67587001FF110 /* AppDelegate.swift */; };
		147C01041DF67587001FF110 /* Main.storyboard in Resources */ = {isa = PBXBuildFile; fileRef = 147C01021DF67587001FF110 /* Main.storyboard */; };
		147C01061DF67587001FF110 /* Assets.xcassets in Resources */ = {isa = PBXBuildFile; fileRef = 147C01051DF67587001FF110 /* Assets.xcassets */; };
		147C01091DF67587001FF110 /* LaunchScreen.storyboard in Resources */ = {isa = PBXBuildFile; fileRef = 147C01071DF67587001FF110 /* LaunchScreen.storyboard */; };
		147C01291DF6913D001FF110 /* TrackingViewController.swift in Sources */ = {isa = PBXBuildFile; fileRef = 147C01281DF6913D001FF110 /* TrackingViewController.swift */; };
		147C012B1DF69169001FF110 /* UtilityViewController.swift in Sources */ = {isa = PBXBuildFile; fileRef = 147C012A1DF69169001FF110 /* UtilityViewController.swift */; };
		147C012D1DF6918C001FF110 /* CodelessCommonViewController.swift in Sources */ = {isa = PBXBuildFile; fileRef = 147C012C1DF6918C001FF110 /* CodelessCommonViewController.swift */; };
		147C012F1DF691A2001FF110 /* UIWebViewController.swift in Sources */ = {isa = PBXBuildFile; fileRef = 147C012E1DF691A2001FF110 /* UIWebViewController.swift */; };
		147C01311DF691AA001FF110 /* WKWebViewController.swift in Sources */ = {isa = PBXBuildFile; fileRef = 147C01301DF691AA001FF110 /* WKWebViewController.swift */; };
		147C01331DF69C23001FF110 /* ActionCompleteViewController.swift in Sources */ = {isa = PBXBuildFile; fileRef = 147C01321DF69C23001FF110 /* ActionCompleteViewController.swift */; };
		147C47061E8D15E100C1DF08 /* Deprecated.storyboard in Resources */ = {isa = PBXBuildFile; fileRef = 147C47051E8D15E100C1DF08 /* Deprecated.storyboard */; };
		147C47091E8D177700C1DF08 /* HomeTableViewController.swift in Sources */ = {isa = PBXBuildFile; fileRef = 147C47081E8D177600C1DF08 /* HomeTableViewController.swift */; };
		147C470B1E8D179500C1DF08 /* InstructionsViewController.swift in Sources */ = {isa = PBXBuildFile; fileRef = 147C470A1E8D179500C1DF08 /* InstructionsViewController.swift */; };
		147C47101E8D17DF00C1DF08 /* ScanViewController.swift in Sources */ = {isa = PBXBuildFile; fileRef = 147C470F1E8D17DF00C1DF08 /* ScanViewController.swift */; };
		147C47121E8D17F100C1DF08 /* SwitchModeViewController.swift in Sources */ = {isa = PBXBuildFile; fileRef = 147C47111E8D17F100C1DF08 /* SwitchModeViewController.swift */; };
		147C47141E8D180900C1DF08 /* NativeTableViewController.swift in Sources */ = {isa = PBXBuildFile; fileRef = 147C47131E8D180900C1DF08 /* NativeTableViewController.swift */; };
		147C47161E8D182900C1DF08 /* UIControlViewController.swift in Sources */ = {isa = PBXBuildFile; fileRef = 147C47151E8D182900C1DF08 /* UIControlViewController.swift */; };
		147C471A1E8D187300C1DF08 /* UITextViewViewController.swift in Sources */ = {isa = PBXBuildFile; fileRef = 147C47191E8D187300C1DF08 /* UITextViewViewController.swift */; };
		147C471C1E8D189A00C1DF08 /* WebTableViewController.swift in Sources */ = {isa = PBXBuildFile; fileRef = 147C471B1E8D189A00C1DF08 /* WebTableViewController.swift */; };
		147C471E1E8D18D600C1DF08 /* UIWebViewViewController.swift in Sources */ = {isa = PBXBuildFile; fileRef = 147C471D1E8D18D600C1DF08 /* UIWebViewViewController.swift */; };
		147C47201E8D18EB00C1DF08 /* WKWebViewViewController.swift in Sources */ = {isa = PBXBuildFile; fileRef = 147C471F1E8D18EB00C1DF08 /* WKWebViewViewController.swift */; };
		9A3E75C0D130F7F69F6FA5BE /* Pods_SugoDemo.framework in Frameworks */ = {isa = PBXBuildFile; fileRef = 2FD516860C9453E8B2306149 /* Pods_SugoDemo.framework */; };
		9B24949221EC9DB600739385 /* CustomButton.swift in Sources */ = {isa = PBXBuildFile; fileRef = 9B24949121EC9DB600739385 /* CustomButton.swift */; };
		9B9C41B821F70E44000D12E6 /* Sugo.framework in Frameworks */ = {isa = PBXBuildFile; fileRef = 9B269B2321E5E66900983649 /* Sugo.framework */; };
		9B9C41B921F70E44000D12E6 /* Sugo.framework in Embed Frameworks */ = {isa = PBXBuildFile; fileRef = 9B269B2321E5E66900983649 /* Sugo.framework */; settings = {ATTRIBUTES = (CodeSignOnCopy, RemoveHeadersOnCopy, ); }; };
		A74C45551FDF872000D91B0F /* UICollectionViewController.swift in Sources */ = {isa = PBXBuildFile; fileRef = A74C45541FDF872000D91B0F /* UICollectionViewController.swift */; };
/* End PBXBuildFile section */

/* Begin PBXCopyFilesBuildPhase section */
		9B9C41BA21F70E44000D12E6 /* Embed Frameworks */ = {
			isa = PBXCopyFilesBuildPhase;
			buildActionMask = 2147483647;
			dstPath = "";
			dstSubfolderSpec = 10;
			files = (
				9B9C41B921F70E44000D12E6 /* Sugo.framework in Embed Frameworks */,
			);
			name = "Embed Frameworks";
			runOnlyForDeploymentPostprocessing = 0;
		};
/* End PBXCopyFilesBuildPhase section */

/* Begin PBXFileReference section */
		146DDDB01E8E3B8500354294 /* UITableViewViewController.swift */ = {isa = PBXFileReference; fileEncoding = 4; lastKnownFileType = sourcecode.swift; path = UITableViewViewController.swift; sourceTree = "<group>"; };
		147C00FB1DF67587001FF110 /* SugoDemo.app */ = {isa = PBXFileReference; explicitFileType = wrapper.application; includeInIndex = 0; path = SugoDemo.app; sourceTree = BUILT_PRODUCTS_DIR; };
		147C00FE1DF67587001FF110 /* AppDelegate.swift */ = {isa = PBXFileReference; lastKnownFileType = sourcecode.swift; path = AppDelegate.swift; sourceTree = "<group>"; };
		147C01031DF67587001FF110 /* Base */ = {isa = PBXFileReference; lastKnownFileType = file.storyboard; name = Base; path = Base.lproj/Main.storyboard; sourceTree = "<group>"; };
		147C01051DF67587001FF110 /* Assets.xcassets */ = {isa = PBXFileReference; lastKnownFileType = folder.assetcatalog; path = Assets.xcassets; sourceTree = "<group>"; };
		147C01081DF67587001FF110 /* Base */ = {isa = PBXFileReference; lastKnownFileType = file.storyboard; name = Base; path = Base.lproj/LaunchScreen.storyboard; sourceTree = "<group>"; };
		147C010A1DF67587001FF110 /* Info.plist */ = {isa = PBXFileReference; lastKnownFileType = text.plist.xml; path = Info.plist; sourceTree = "<group>"; };
		147C01281DF6913D001FF110 /* TrackingViewController.swift */ = {isa = PBXFileReference; fileEncoding = 4; lastKnownFileType = sourcecode.swift; path = TrackingViewController.swift; sourceTree = "<group>"; };
		147C012A1DF69169001FF110 /* UtilityViewController.swift */ = {isa = PBXFileReference; fileEncoding = 4; lastKnownFileType = sourcecode.swift; path = UtilityViewController.swift; sourceTree = "<group>"; };
		147C012C1DF6918C001FF110 /* CodelessCommonViewController.swift */ = {isa = PBXFileReference; fileEncoding = 4; lastKnownFileType = sourcecode.swift; path = CodelessCommonViewController.swift; sourceTree = "<group>"; };
		147C012E1DF691A2001FF110 /* UIWebViewController.swift */ = {isa = PBXFileReference; fileEncoding = 4; lastKnownFileType = sourcecode.swift; path = UIWebViewController.swift; sourceTree = "<group>"; };
		147C01301DF691AA001FF110 /* WKWebViewController.swift */ = {isa = PBXFileReference; fileEncoding = 4; lastKnownFileType = sourcecode.swift; path = WKWebViewController.swift; sourceTree = "<group>"; };
		147C01321DF69C23001FF110 /* ActionCompleteViewController.swift */ = {isa = PBXFileReference; fileEncoding = 4; lastKnownFileType = sourcecode.swift; path = ActionCompleteViewController.swift; sourceTree = "<group>"; };
		147C47051E8D15E100C1DF08 /* Deprecated.storyboard */ = {isa = PBXFileReference; fileEncoding = 4; lastKnownFileType = file.storyboard; path = Deprecated.storyboard; sourceTree = "<group>"; };
		147C47081E8D177600C1DF08 /* HomeTableViewController.swift */ = {isa = PBXFileReference; fileEncoding = 4; lastKnownFileType = sourcecode.swift; path = HomeTableViewController.swift; sourceTree = "<group>"; };
		147C470A1E8D179500C1DF08 /* InstructionsViewController.swift */ = {isa = PBXFileReference; fileEncoding = 4; lastKnownFileType = sourcecode.swift; path = InstructionsViewController.swift; sourceTree = "<group>"; };
		147C470F1E8D17DF00C1DF08 /* ScanViewController.swift */ = {isa = PBXFileReference; fileEncoding = 4; lastKnownFileType = sourcecode.swift; path = ScanViewController.swift; sourceTree = "<group>"; };
		147C47111E8D17F100C1DF08 /* SwitchModeViewController.swift */ = {isa = PBXFileReference; fileEncoding = 4; lastKnownFileType = sourcecode.swift; path = SwitchModeViewController.swift; sourceTree = "<group>"; };
		147C47131E8D180900C1DF08 /* NativeTableViewController.swift */ = {isa = PBXFileReference; fileEncoding = 4; lastKnownFileType = sourcecode.swift; path = NativeTableViewController.swift; sourceTree = "<group>"; };
		147C47151E8D182900C1DF08 /* UIControlViewController.swift */ = {isa = PBXFileReference; fileEncoding = 4; lastKnownFileType = sourcecode.swift; path = UIControlViewController.swift; sourceTree = "<group>"; };
		147C47191E8D187300C1DF08 /* UITextViewViewController.swift */ = {isa = PBXFileReference; fileEncoding = 4; lastKnownFileType = sourcecode.swift; path = UITextViewViewController.swift; sourceTree = "<group>"; };
		147C471B1E8D189A00C1DF08 /* WebTableViewController.swift */ = {isa = PBXFileReference; fileEncoding = 4; lastKnownFileType = sourcecode.swift; path = WebTableViewController.swift; sourceTree = "<group>"; };
		147C471D1E8D18D600C1DF08 /* UIWebViewViewController.swift */ = {isa = PBXFileReference; fileEncoding = 4; lastKnownFileType = sourcecode.swift; path = UIWebViewViewController.swift; sourceTree = "<group>"; };
		147C471F1E8D18EB00C1DF08 /* WKWebViewViewController.swift */ = {isa = PBXFileReference; fileEncoding = 4; lastKnownFileType = sourcecode.swift; path = WKWebViewViewController.swift; sourceTree = "<group>"; };
		2FD516860C9453E8B2306149 /* Pods_SugoDemo.framework */ = {isa = PBXFileReference; explicitFileType = wrapper.framework; includeInIndex = 0; path = Pods_SugoDemo.framework; sourceTree = BUILT_PRODUCTS_DIR; };
		3FEC0B1D76D513256289EDC1 /* Pods-SugoDemo.debug.xcconfig */ = {isa = PBXFileReference; includeInIndex = 1; lastKnownFileType = text.xcconfig; name = "Pods-SugoDemo.debug.xcconfig"; path = "Target Support Files/Pods-SugoDemo/Pods-SugoDemo.debug.xcconfig"; sourceTree = "<group>"; };
		979668125173088E873104A3 /* Pods-SugoDemo.release.xcconfig */ = {isa = PBXFileReference; includeInIndex = 1; lastKnownFileType = text.xcconfig; name = "Pods-SugoDemo.release.xcconfig"; path = "Target Support Files/Pods-SugoDemo/Pods-SugoDemo.release.xcconfig"; sourceTree = "<group>"; };
		9B24949121EC9DB600739385 /* CustomButton.swift */ = {isa = PBXFileReference; lastKnownFileType = sourcecode.swift; path = CustomButton.swift; sourceTree = "<group>"; };
		9B269B2321E5E66900983649 /* Sugo.framework */ = {isa = PBXFileReference; explicitFileType = wrapper.framework; path = Sugo.framework; sourceTree = BUILT_PRODUCTS_DIR; };
		A74C45541FDF872000D91B0F /* UICollectionViewController.swift */ = {isa = PBXFileReference; lastKnownFileType = sourcecode.swift; path = UICollectionViewController.swift; sourceTree = "<group>"; };
/* End PBXFileReference section */

/* Begin PBXFrameworksBuildPhase section */
		147C00F81DF67587001FF110 /* Frameworks */ = {
			isa = PBXFrameworksBuildPhase;
			buildActionMask = 2147483647;
			files = (
				9B9C41B821F70E44000D12E6 /* Sugo.framework in Frameworks */,
				9A3E75C0D130F7F69F6FA5BE /* Pods_SugoDemo.framework in Frameworks */,
			);
			runOnlyForDeploymentPostprocessing = 0;
		};
/* End PBXFrameworksBuildPhase section */

/* Begin PBXGroup section */
		147C00F21DF67587001FF110 = {
			isa = PBXGroup;
			children = (
				9B269B2321E5E66900983649 /* Sugo.framework */,
				147C00FD1DF67587001FF110 /* SugoDemo */,
				147C00FC1DF67587001FF110 /* Products */,
				147C011F1DF68EB3001FF110 /* Frameworks */,
				5B76E16C86A4F9F7F1D94026 /* Pods */,
			);
			sourceTree = "<group>";
		};
		147C00FC1DF67587001FF110 /* Products */ = {
			isa = PBXGroup;
			children = (
				147C00FB1DF67587001FF110 /* SugoDemo.app */,
			);
			name = Products;
			sourceTree = "<group>";
		};
		147C00FD1DF67587001FF110 /* SugoDemo */ = {
			isa = PBXGroup;
			children = (
				147C00FE1DF67587001FF110 /* AppDelegate.swift */,
				147C47071E8D172900C1DF08 /* Demo */,
				147C47041E8D159400C1DF08 /* Deprecated */,
				147C01021DF67587001FF110 /* Main.storyboard */,
				147C47051E8D15E100C1DF08 /* Deprecated.storyboard */,
				147C01051DF67587001FF110 /* Assets.xcassets */,
				147C01071DF67587001FF110 /* LaunchScreen.storyboard */,
				147C010A1DF67587001FF110 /* Info.plist */,
			);
			path = SugoDemo;
			sourceTree = "<group>";
		};
		147C011F1DF68EB3001FF110 /* Frameworks */ = {
			isa = PBXGroup;
			children = (
				2FD516860C9453E8B2306149 /* Pods_SugoDemo.framework */,
			);
			name = Frameworks;
			sourceTree = "<group>";
		};
		147C47041E8D159400C1DF08 /* Deprecated */ = {
			isa = PBXGroup;
			children = (
				147C01281DF6913D001FF110 /* TrackingViewController.swift */,
				147C012A1DF69169001FF110 /* UtilityViewController.swift */,
				147C012C1DF6918C001FF110 /* CodelessCommonViewController.swift */,
				147C012E1DF691A2001FF110 /* UIWebViewController.swift */,
				147C01301DF691AA001FF110 /* WKWebViewController.swift */,
				147C01321DF69C23001FF110 /* ActionCompleteViewController.swift */,
			);
			name = Deprecated;
			sourceTree = "<group>";
		};
		147C47071E8D172900C1DF08 /* Demo */ = {
			isa = PBXGroup;
			children = (
				147C47081E8D177600C1DF08 /* HomeTableViewController.swift */,
				147C470A1E8D179500C1DF08 /* InstructionsViewController.swift */,
				147C470C1E8D179E00C1DF08 /* Scan */,
				147C470D1E8D17AC00C1DF08 /* Native */,
				147C470E1E8D17B900C1DF08 /* Web */,
			);
			name = Demo;
			sourceTree = "<group>";
		};
		147C470C1E8D179E00C1DF08 /* Scan */ = {
			isa = PBXGroup;
			children = (
				147C470F1E8D17DF00C1DF08 /* ScanViewController.swift */,
				147C47111E8D17F100C1DF08 /* SwitchModeViewController.swift */,
			);
			name = Scan;
			sourceTree = "<group>";
		};
		147C470D1E8D17AC00C1DF08 /* Native */ = {
			isa = PBXGroup;
			children = (
				147C47131E8D180900C1DF08 /* NativeTableViewController.swift */,
				147C47151E8D182900C1DF08 /* UIControlViewController.swift */,
				147C47191E8D187300C1DF08 /* UITextViewViewController.swift */,
				146DDDB01E8E3B8500354294 /* UITableViewViewController.swift */,
				A74C45541FDF872000D91B0F /* UICollectionViewController.swift */,
				9B24949121EC9DB600739385 /* CustomButton.swift */,
			);
			name = Native;
			sourceTree = "<group>";
		};
		147C470E1E8D17B900C1DF08 /* Web */ = {
			isa = PBXGroup;
			children = (
				147C471B1E8D189A00C1DF08 /* WebTableViewController.swift */,
				147C471D1E8D18D600C1DF08 /* UIWebViewViewController.swift */,
				147C471F1E8D18EB00C1DF08 /* WKWebViewViewController.swift */,
			);
			name = Web;
			sourceTree = "<group>";
		};
		5B76E16C86A4F9F7F1D94026 /* Pods */ = {
			isa = PBXGroup;
			children = (
				3FEC0B1D76D513256289EDC1 /* Pods-SugoDemo.debug.xcconfig */,
				979668125173088E873104A3 /* Pods-SugoDemo.release.xcconfig */,
			);
			path = Pods;
			sourceTree = "<group>";
		};
/* End PBXGroup section */

/* Begin PBXNativeTarget section */
		147C00FA1DF67587001FF110 /* SugoDemo */ = {
			isa = PBXNativeTarget;
			buildConfigurationList = 147C01181DF67587001FF110 /* Build configuration list for PBXNativeTarget "SugoDemo" */;
			buildPhases = (
				5C1CA3C94CDACCB91BECF514 /* [CP] Check Pods Manifest.lock */,
				147C00F71DF67587001FF110 /* Sources */,
				147C00F81DF67587001FF110 /* Frameworks */,
				147C00F91DF67587001FF110 /* Resources */,
				9B9C41BA21F70E44000D12E6 /* Embed Frameworks */,
			);
			buildRules = (
			);
			dependencies = (
			);
			name = SugoDemo;
			productName = SugoDemo;
			productReference = 147C00FB1DF67587001FF110 /* SugoDemo.app */;
			productType = "com.apple.product-type.application";
		};
/* End PBXNativeTarget section */

/* Begin PBXProject section */
		147C00F31DF67587001FF110 /* Project object */ = {
			isa = PBXProject;
			attributes = {
				LastSwiftUpdateCheck = 0810;
				LastUpgradeCheck = 0920;
				ORGANIZATIONNAME = Sugo;
				TargetAttributes = {
					147C00FA1DF67587001FF110 = {
						CreatedOnToolsVersion = 8.1;
						DevelopmentTeam = 5PCYP5P3P9;
						LastSwiftMigration = 0900;
						ProvisioningStyle = Automatic;
					};
				};
			};
			buildConfigurationList = 147C00F61DF67587001FF110 /* Build configuration list for PBXProject "SugoDemo" */;
			compatibilityVersion = "Xcode 3.2";
			developmentRegion = English;
			hasScannedForEncodings = 0;
			knownRegions = (
				en,
				Base,
			);
			mainGroup = 147C00F21DF67587001FF110;
			productRefGroup = 147C00FC1DF67587001FF110 /* Products */;
			projectDirPath = "";
			projectRoot = "";
			targets = (
				147C00FA1DF67587001FF110 /* SugoDemo */,
			);
		};
/* End PBXProject section */

/* Begin PBXResourcesBuildPhase section */
		147C00F91DF67587001FF110 /* Resources */ = {
			isa = PBXResourcesBuildPhase;
			buildActionMask = 2147483647;
			files = (
				147C01091DF67587001FF110 /* LaunchScreen.storyboard in Resources */,
				147C47061E8D15E100C1DF08 /* Deprecated.storyboard in Resources */,
				147C01061DF67587001FF110 /* Assets.xcassets in Resources */,
				147C01041DF67587001FF110 /* Main.storyboard in Resources */,
			);
			runOnlyForDeploymentPostprocessing = 0;
		};
/* End PBXResourcesBuildPhase section */

/* Begin PBXShellScriptBuildPhase section */
		5C1CA3C94CDACCB91BECF514 /* [CP] Check Pods Manifest.lock */ = {
			isa = PBXShellScriptBuildPhase;
			buildActionMask = 2147483647;
			files = (
			);
			inputFileListPaths = (
			);
			inputPaths = (
				"${PODS_PODFILE_DIR_PATH}/Podfile.lock",
				"${PODS_ROOT}/Manifest.lock",
			);
			name = "[CP] Check Pods Manifest.lock";
			outputFileListPaths = (
			);
			outputPaths = (
				"$(DERIVED_FILE_DIR)/Pods-SugoDemo-checkManifestLockResult.txt",
			);
			runOnlyForDeploymentPostprocessing = 0;
			shellPath = /bin/sh;
			shellScript = "diff \"${PODS_PODFILE_DIR_PATH}/Podfile.lock\" \"${PODS_ROOT}/Manifest.lock\" > /dev/null\nif [ $? != 0 ] ; then\n    # print error to STDERR\n    echo \"error: The sandbox is not in sync with the Podfile.lock. Run 'pod install' or update your CocoaPods installation.\" >&2\n    exit 1\nfi\n# This output is used by Xcode 'outputs' to avoid re-running this script phase.\necho \"SUCCESS\" > \"${SCRIPT_OUTPUT_FILE_0}\"\n";
			showEnvVarsInLog = 0;
		};
/* End PBXShellScriptBuildPhase section */

/* Begin PBXSourcesBuildPhase section */
		147C00F71DF67587001FF110 /* Sources */ = {
			isa = PBXSourcesBuildPhase;
			buildActionMask = 2147483647;
			files = (
				147C47201E8D18EB00C1DF08 /* WKWebViewViewController.swift in Sources */,
				147C47091E8D177700C1DF08 /* HomeTableViewController.swift in Sources */,
				147C47121E8D17F100C1DF08 /* SwitchModeViewController.swift in Sources */,
				147C01331DF69C23001FF110 /* ActionCompleteViewController.swift in Sources */,
				9B24949221EC9DB600739385 /* CustomButton.swift in Sources */,
				A74C45551FDF872000D91B0F /* UICollectionViewController.swift in Sources */,
				147C471E1E8D18D600C1DF08 /* UIWebViewViewController.swift in Sources */,
				147C47161E8D182900C1DF08 /* UIControlViewController.swift in Sources */,
				147C00FF1DF67587001FF110 /* AppDelegate.swift in Sources */,
				147C47141E8D180900C1DF08 /* NativeTableViewController.swift in Sources */,
				147C470B1E8D179500C1DF08 /* InstructionsViewController.swift in Sources */,
				147C012F1DF691A2001FF110 /* UIWebViewController.swift in Sources */,
				146DDDB11E8E3B8500354294 /* UITableViewViewController.swift in Sources */,
				147C012B1DF69169001FF110 /* UtilityViewController.swift in Sources */,
				147C01311DF691AA001FF110 /* WKWebViewController.swift in Sources */,
				147C47101E8D17DF00C1DF08 /* ScanViewController.swift in Sources */,
				147C471C1E8D189A00C1DF08 /* WebTableViewController.swift in Sources */,
				147C01291DF6913D001FF110 /* TrackingViewController.swift in Sources */,
				147C012D1DF6918C001FF110 /* CodelessCommonViewController.swift in Sources */,
				147C471A1E8D187300C1DF08 /* UITextViewViewController.swift in Sources */,
			);
			runOnlyForDeploymentPostprocessing = 0;
		};
/* End PBXSourcesBuildPhase section */

/* Begin PBXVariantGroup section */
		147C01021DF67587001FF110 /* Main.storyboard */ = {
			isa = PBXVariantGroup;
			children = (
				147C01031DF67587001FF110 /* Base */,
			);
			name = Main.storyboard;
			sourceTree = "<group>";
		};
		147C01071DF67587001FF110 /* LaunchScreen.storyboard */ = {
			isa = PBXVariantGroup;
			children = (
				147C01081DF67587001FF110 /* Base */,
			);
			name = LaunchScreen.storyboard;
			sourceTree = "<group>";
		};
/* End PBXVariantGroup section */

/* Begin XCBuildConfiguration section */
		147C01161DF67587001FF110 /* Debug */ = {
			isa = XCBuildConfiguration;
			buildSettings = {
				ALWAYS_SEARCH_USER_PATHS = NO;
				CLANG_ANALYZER_NONNULL = YES;
				CLANG_CXX_LANGUAGE_STANDARD = "gnu++0x";
				CLANG_CXX_LIBRARY = "libc++";
				CLANG_ENABLE_MODULES = YES;
				CLANG_ENABLE_OBJC_ARC = YES;
				CLANG_WARN_BLOCK_CAPTURE_AUTORELEASING = YES;
				CLANG_WARN_BOOL_CONVERSION = YES;
				CLANG_WARN_COMMA = YES;
				CLANG_WARN_CONSTANT_CONVERSION = YES;
				CLANG_WARN_DIRECT_OBJC_ISA_USAGE = YES_ERROR;
				CLANG_WARN_DOCUMENTATION_COMMENTS = YES;
				CLANG_WARN_EMPTY_BODY = YES;
				CLANG_WARN_ENUM_CONVERSION = YES;
				CLANG_WARN_INFINITE_RECURSION = YES;
				CLANG_WARN_INT_CONVERSION = YES;
				CLANG_WARN_NON_LITERAL_NULL_CONVERSION = YES;
				CLANG_WARN_OBJC_LITERAL_CONVERSION = YES;
				CLANG_WARN_OBJC_ROOT_CLASS = YES_ERROR;
				CLANG_WARN_RANGE_LOOP_ANALYSIS = YES;
				CLANG_WARN_STRICT_PROTOTYPES = YES;
				CLANG_WARN_SUSPICIOUS_MOVE = YES;
				CLANG_WARN_SUSPICIOUS_MOVES = YES;
				CLANG_WARN_UNREACHABLE_CODE = YES;
				CLANG_WARN__DUPLICATE_METHOD_MATCH = YES;
				"CODE_SIGN_IDENTITY[sdk=iphoneos*]" = "iPhone Developer";
				COPY_PHASE_STRIP = NO;
				DEBUG_INFORMATION_FORMAT = dwarf;
				ENABLE_STRICT_OBJC_MSGSEND = YES;
				ENABLE_TESTABILITY = YES;
				GCC_C_LANGUAGE_STANDARD = gnu99;
				GCC_DYNAMIC_NO_PIC = NO;
				GCC_NO_COMMON_BLOCKS = YES;
				GCC_OPTIMIZATION_LEVEL = 0;
				GCC_PREPROCESSOR_DEFINITIONS = (
					"DEBUG=1",
					"$(inherited)",
				);
				GCC_WARN_64_TO_32_BIT_CONVERSION = YES;
				GCC_WARN_ABOUT_RETURN_TYPE = YES_ERROR;
				GCC_WARN_UNDECLARED_SELECTOR = YES;
				GCC_WARN_UNINITIALIZED_AUTOS = YES_AGGRESSIVE;
				GCC_WARN_UNUSED_FUNCTION = YES;
				GCC_WARN_UNUSED_VARIABLE = YES;
				IPHONEOS_DEPLOYMENT_TARGET = 8.0;
				MTL_ENABLE_DEBUG_INFO = YES;
				ONLY_ACTIVE_ARCH = YES;
				SDKROOT = iphoneos;
				SWIFT_ACTIVE_COMPILATION_CONDITIONS = DEBUG;
				SWIFT_OPTIMIZATION_LEVEL = "-Onone";
				TARGETED_DEVICE_FAMILY = "1,2";
			};
			name = Debug;
		};
		147C01171DF67587001FF110 /* Release */ = {
			isa = XCBuildConfiguration;
			buildSettings = {
				ALWAYS_SEARCH_USER_PATHS = NO;
				CLANG_ANALYZER_NONNULL = YES;
				CLANG_CXX_LANGUAGE_STANDARD = "gnu++0x";
				CLANG_CXX_LIBRARY = "libc++";
				CLANG_ENABLE_MODULES = YES;
				CLANG_ENABLE_OBJC_ARC = YES;
				CLANG_WARN_BLOCK_CAPTURE_AUTORELEASING = YES;
				CLANG_WARN_BOOL_CONVERSION = YES;
				CLANG_WARN_COMMA = YES;
				CLANG_WARN_CONSTANT_CONVERSION = YES;
				CLANG_WARN_DIRECT_OBJC_ISA_USAGE = YES_ERROR;
				CLANG_WARN_DOCUMENTATION_COMMENTS = YES;
				CLANG_WARN_EMPTY_BODY = YES;
				CLANG_WARN_ENUM_CONVERSION = YES;
				CLANG_WARN_INFINITE_RECURSION = YES;
				CLANG_WARN_INT_CONVERSION = YES;
				CLANG_WARN_NON_LITERAL_NULL_CONVERSION = YES;
				CLANG_WARN_OBJC_LITERAL_CONVERSION = YES;
				CLANG_WARN_OBJC_ROOT_CLASS = YES_ERROR;
				CLANG_WARN_RANGE_LOOP_ANALYSIS = YES;
				CLANG_WARN_STRICT_PROTOTYPES = YES;
				CLANG_WARN_SUSPICIOUS_MOVE = YES;
				CLANG_WARN_SUSPICIOUS_MOVES = YES;
				CLANG_WARN_UNREACHABLE_CODE = YES;
				CLANG_WARN__DUPLICATE_METHOD_MATCH = YES;
				"CODE_SIGN_IDENTITY[sdk=iphoneos*]" = "iPhone Developer";
				COPY_PHASE_STRIP = NO;
				DEBUG_INFORMATION_FORMAT = "dwarf-with-dsym";
				ENABLE_NS_ASSERTIONS = NO;
				ENABLE_STRICT_OBJC_MSGSEND = YES;
				GCC_C_LANGUAGE_STANDARD = gnu99;
				GCC_NO_COMMON_BLOCKS = YES;
				GCC_WARN_64_TO_32_BIT_CONVERSION = YES;
				GCC_WARN_ABOUT_RETURN_TYPE = YES_ERROR;
				GCC_WARN_UNDECLARED_SELECTOR = YES;
				GCC_WARN_UNINITIALIZED_AUTOS = YES_AGGRESSIVE;
				GCC_WARN_UNUSED_FUNCTION = YES;
				GCC_WARN_UNUSED_VARIABLE = YES;
				IPHONEOS_DEPLOYMENT_TARGET = 8.0;
				MTL_ENABLE_DEBUG_INFO = NO;
				SDKROOT = iphoneos;
				SWIFT_OPTIMIZATION_LEVEL = "-Owholemodule";
				TARGETED_DEVICE_FAMILY = "1,2";
				VALIDATE_PRODUCT = YES;
			};
			name = Release;
		};
		147C01191DF67587001FF110 /* Debug */ = {
			isa = XCBuildConfiguration;
			baseConfigurationReference = 3FEC0B1D76D513256289EDC1 /* Pods-SugoDemo.debug.xcconfig */;
			buildSettings = {
				ASSETCATALOG_COMPILER_APPICON_NAME = AppIcon;
				DEVELOPMENT_TEAM = 5PCYP5P3P9;
				INFOPLIST_FILE = SugoDemo/Info.plist;
				IPHONEOS_DEPLOYMENT_TARGET = 8.0;
				LD_RUNPATH_SEARCH_PATHS = "$(inherited) @executable_path/Frameworks";
				PRODUCT_BUNDLE_IDENTIFIER = io.sugo.SugoDemo22333;
				PRODUCT_NAME = "$(TARGET_NAME)";
				SWIFT_SWIFT3_OBJC_INFERENCE = Default;
				SWIFT_VERSION = 4.0;
			};
			name = Debug;
		};
		147C011A1DF67587001FF110 /* Release */ = {
			isa = XCBuildConfiguration;
			baseConfigurationReference = 979668125173088E873104A3 /* Pods-SugoDemo.release.xcconfig */;
			buildSettings = {
				ASSETCATALOG_COMPILER_APPICON_NAME = AppIcon;
				DEVELOPMENT_TEAM = 5PCYP5P3P9;
				INFOPLIST_FILE = SugoDemo/Info.plist;
				IPHONEOS_DEPLOYMENT_TARGET = 8.0;
				LD_RUNPATH_SEARCH_PATHS = "$(inherited) @executable_path/Frameworks";
				PRODUCT_BUNDLE_IDENTIFIER = io.sugo.SugoDemo22333;
				PRODUCT_NAME = "$(TARGET_NAME)";
				SWIFT_SWIFT3_OBJC_INFERENCE = Default;
				SWIFT_VERSION = 4.0;
			};
			name = Release;
		};
/* End XCBuildConfiguration section */

/* Begin XCConfigurationList section */
		147C00F61DF67587001FF110 /* Build configuration list for PBXProject "SugoDemo" */ = {
			isa = XCConfigurationList;
			buildConfigurations = (
				147C01161DF67587001FF110 /* Debug */,
				147C01171DF67587001FF110 /* Release */,
			);
			defaultConfigurationIsVisible = 0;
			defaultConfigurationName = Release;
		};
		147C01181DF67587001FF110 /* Build configuration list for PBXNativeTarget "SugoDemo" */ = {
			isa = XCConfigurationList;
			buildConfigurations = (
				147C01191DF67587001FF110 /* Debug */,
				147C011A1DF67587001FF110 /* Release */,
			);
			defaultConfigurationIsVisible = 0;
			defaultConfigurationName = Release;
		};
/* End XCConfigurationList section */
	};
	rootObject = 147C00F31DF67587001FF110 /* Project object */;
}
